{
  "version": "5",
  "remote": {
    "https://edge.netlify.com/": "fd941d61d88673d5f28aab283fb86fcc50f08a3bc80ee5470498fcfa88c65cfb",
    "https://edge.netlify.com/bootstrap/config.ts": "6a2ce0e544e15e8f8883a5c18da5948e37fd0f2619f68cb31f3af53c51817025",
    "https://edge.netlify.com/bootstrap/context.ts": "e97240232121e2f369f6546ce961490f34d961ea1ea54be3ff09633e3f08373f",
    "https://edge.netlify.com/bootstrap/cookie.ts": "8b0baae708989ca183c6f3b4ab3d029e6abcbc2e43f93edeb0ff447b3bbc3a05",
    "https://edge.netlify.com/bootstrap/edge_function.ts": "b8253e86aa83c67341f5cfedeba5049d77fbf84dcab7eceff7566b7728ae9b39",
    "https://edge.netlify.com/bootstrap/globals/types.ts": "eaa6148ded3121d8dee62dd91c86e7fe76601df0f3ca8d7962243a30f4c8935f"
  },
  "workspace": {
    "packageJson": {
      "dependencies": [
        "npm:@eslint/js@^10.0.1",
        "npm:@lucide/vue@^1.21.0",
        "npm:@rushstack/eslint-patch@^1.16.1",
        "npm:@stylistic/eslint-plugin@^5.10.0",
        "npm:@tauri-apps/api@^2.11.1",
        "npm:@tauri-apps/cli@^2.11.3",
        "npm:@tauri-apps/plugin-deep-link@^2.4.9",
        "npm:@tauri-apps/plugin-opener@^2.5.4",
        "npm:@tauri-apps/plugin-process@^2.3.1",
        "npm:@tauri-apps/plugin-updater@^2.10.1",
        "npm:@types/dompurify@^3.2.0",
        "npm:@types/node@26",
        "npm:@typescript-eslint/eslint-plugin@^8.62.0",
        "npm:@typescript-eslint/parser@^8.62.0",
        "npm:@vitejs/plugin-vue@^6.0.7",
        "npm:@vue/compiler-sfc@^3.5.38",
        "npm:@vue/eslint-config-typescript@^14.9.0",
        "npm:@vueuse/core@^14.3.0",
        "npm:@vueuse/motion@^3.0.3",
        "npm:crypto-js@^4.2.0",
        "npm:date-fns@^4.4.0",
        "npm:dompurify@^3.4.11",
        "npm:eslint-plugin-perfectionist@^5.9.1",
        "npm:eslint-plugin-vue@^10.9.2",
        "npm:eslint@^10.5.0",
        "npm:flag-icons@^7.5.0",
        "npm:form-urlencoded@^6.1.7",
        "npm:globals@^17.7.0",
        "npm:ky@^2.0.2",
        "npm:netlify-cli@^26.2.0",
        "npm:normalize.css@^8.0.1",
        "npm:oxlint@^1.71.0",
        "npm:pinia-plugin-persistedstate@^4.7.1",
        "npm:pinia@^3.0.4",
        "npm:pkce-challenge@6",
        "npm:postcss-html@^1.8.1",
        "npm:postcss@^8.5.15",
        "npm:sass@^1.101.0",
        "npm:stylelint-config-html@^1.1.0",
        "npm:stylelint-config-standard-scss@17",
        "npm:stylelint-order@^8.1.1",
        "npm:stylelint-scss@^7.2.0",
        "npm:stylelint@^17.13.0",
        "npm:typescript@6.0.3",
        "npm:vite-plugin-static-copy@^4.1.1",
        "npm:vite@^8.1.0",
        "npm:vue-eslint-parser@^10.4.1",
        "npm:vue-router@^5.1.0",
        "npm:vue-slicksort@^2.0.5",
        "npm:vue-tsc@^3.3.5",
        "npm:vue@^3.5.38"
      ]
    }
  }
}
